
Microsoft Visual Studio Solution File, Format Version 12.00
# Visual Studio Version 17
VisualStudioVersion = 17.10.34928.147
MinimumVisualStudioVersion = 10.0.40219.1
Project("{FAE04EC0-301F-11D3-BF4B-00C04F79EFBC}") = "ObervableUnityComponentsGenerator", "ObervableUnityComponentsGenerator.csproj", "{B7548D02-81BD-4EE5-AD01-943AA9F236C3}"
EndProject
Global
	GlobalSection(SolutionConfigurationPlatforms) = preSolution
		Debug|Any CPU = Debug|Any CPU
		Release|Any CPU = Release|Any CPU
	EndGlobalSection
	GlobalSection(ProjectConfigurationPlatforms) = postSolution
		{B7548D02-81BD-4EE5-AD01-943AA9F236C3}.Debug|Any CPU.ActiveCfg = Debug|Any CPU
		{B7548D02-81BD-4EE5-AD01-943AA9F236C3}.Debug|Any CPU.Build.0 = Debug|Any CPU
		{B7548D02-81BD-4EE5-AD01-943AA9F236C3}.Release|Any CPU.ActiveCfg = Release|Any CPU
		{B7548D02-81BD-4EE5-AD01-943AA9F236C3}.Release|Any CPU.Build.0 = Release|Any CPU
	EndGlobalSection
	GlobalSection(SolutionProperties) = preSolution
		HideSolutionNode = FALSE
	EndGlobalSection
	GlobalSection(ExtensibilityGlobals) = postSolution
		SolutionGuid = {DE185AAD-6640-4889-83E8-2769A891B463}
	EndGlobalSection
EndGlobal
